
Microsoft Visual Studio Solution File, Format Version 12.00
# Visual Studio Version 17
VisualStudioVersion = 17.14.36202.13 d17.14
MinimumVisualStudioVersion = 10.0.40219.1
Project("{FAE04EC0-301F-11D3-BF4B-00C04F79EFBC}") = "Backendec2", "Backendec2\Backendec2.csproj", "{D71D42B6-AFC6-4404-91F0-9B324DC437C6}"
EndProject
Global
	GlobalSection(SolutionConfigurationPlatforms) = preSolution
		Debug|Any CPU = Debug|Any CPU
		Release|Any CPU = Release|Any CPU
	EndGlobalSection
	GlobalSection(ProjectConfigurationPlatforms) = postSolution
		{D71D42B6-AFC6-4404-91F0-9B324DC437C6}.Debug|Any CPU.ActiveCfg = Debug|Any CPU
		{D71D42B6-AFC6-4404-91F0-9B324DC437C6}.Debug|Any CPU.Build.0 = Debug|Any CPU
		{D71D42B6-AFC6-4404-91F0-9B324DC437C6}.Release|Any CPU.ActiveCfg = Release|Any CPU
		{D71D42B6-AFC6-4404-91F0-9B324DC437C6}.Release|Any CPU.Build.0 = Release|Any CPU
	EndGlobalSection
	GlobalSection(SolutionProperties) = preSolution
		HideSolutionNode = FALSE
	EndGlobalSection
	GlobalSection(ExtensibilityGlobals) = postSolution
		SolutionGuid = {C6202A97-1765-485D-9402-020DB655E0A7}
	EndGlobalSection
EndGlobal
